# THIS IS AN AUTOGENERATED FILE. DO NOT EDIT THIS FILE DIRECTLY.
# yarn lockfile v1


lodash@^4.17.5:
  version "4.17.5"
  resolved "https://registry.yarnpkg.com/lodash/-/lodash-4.17.5.tgz#99a92d65c0272debe8c96b6057bc8fbfa3bed511"

mkdir-recursive@^0.4.0:
  version "0.4.0"
  resolved "https://registry.yarnpkg.com/mkdir-recursive/-/mkdir-recursive-0.4.0.tgz#7af3312e3e04987b1fba8fa873850f9e4d183cd1"
